// !$*UTF8*$!
{
	archiveVersion = 1;
	classes = {
	};
	objectVersion = 46;
	objects = {

/* Begin PBXBuildFile section */
		103B95FA1D6D7FD900971170 /* RecommendTableViewCell.m in Sources */ = {isa = PBXBuildFile; fileRef = 103B95F91D6D7FD900971170 /* RecommendTableViewCell.m */; };
		103B96011D6D948200971170 /* HTTPRequestManager.m in Sources */ = {isa = PBXBuildFile; fileRef = 103B96001D6D948200971170 /* HTTPRequestManager.m */; };
		103B96061D6DB59100971170 /* RecommendModel.m in Sources */ = {isa = PBXBuildFile; fileRef = 103B96051D6DB59100971170 /* RecommendModel.m */; };
		1056A2491D6AF8880070486F /* LoginViewController.m in Sources */ = {isa = PBXBuildFile; fileRef = 1056A2481D6AF8880070486F /* LoginViewController.m */; };
		1056A24C1D6AF8940070486F /* RegisterViewController.m in Sources */ = {isa = PBXBuildFile; fileRef = 1056A24B1D6AF8940070486F /* RegisterViewController.m */; };
		105FC8BE1D65B6D9002AB976 /* main.m in Sources */ = {isa = PBXBuildFile; fileRef = 105FC8BD1D65B6D9002AB976 /* main.m */; };
		105FC8C11D65B6D9002AB976 /* AppDelegate.m in Sources */ = {isa = PBXBuildFile; fileRef = 105FC8C01D65B6D9002AB976 /* AppDelegate.m */; };
		105FC8C71D65B6D9002AB976 /* Main.storyboard in Resources */ = {isa = PBXBuildFile; fileRef = 105FC8C51D65B6D9002AB976 /* Main.storyboard */; };
		105FC8C91D65B6D9002AB976 /* Assets.xcassets in Resources */ = {isa = PBXBuildFile; fileRef = 105FC8C81D65B6D9002AB976 /* Assets.xcassets */; };
		105FC8CC1D65B6D9002AB976 /* LaunchScreen.storyboard in Resources */ = {isa = PBXBuildFile; fileRef = 105FC8CA1D65B6D9002AB976 /* LaunchScreen.storyboard */; };
		105FC8D71D65B6D9002AB976 /* __Tests.m in Sources */ = {isa = PBXBuildFile; fileRef = 105FC8D61D65B6D9002AB976 /* __Tests.m */; };
		105FC8E21D65B6D9002AB976 /* __UITests.m in Sources */ = {isa = PBXBuildFile; fileRef = 105FC8E11D65B6D9002AB976 /* __UITests.m */; };
		10900C791D6EC5E40077A594 /* AdBannerView.m in Sources */ = {isa = PBXBuildFile; fileRef = 10900C781D6EC5E40077A594 /* AdBannerView.m */; };
		10900C7D1D6ECBF60077A594 /* AdDetailViewController.m in Sources */ = {isa = PBXBuildFile; fileRef = 10900C7C1D6ECBF60077A594 /* AdDetailViewController.m */; };
		10900C811D6EE2F00077A594 /* RGBColor.m in Sources */ = {isa = PBXBuildFile; fileRef = 10900C801D6EE2F00077A594 /* RGBColor.m */; };
		10DC81001D66D8FC00B2108D /* BaseViewController.m in Sources */ = {isa = PBXBuildFile; fileRef = 10DC80FF1D66D8FC00B2108D /* BaseViewController.m */; };
		10DC81031D66D92900B2108D /* RootTabBarViewController.m in Sources */ = {isa = PBXBuildFile; fileRef = 10DC81021D66D92900B2108D /* RootTabBarViewController.m */; };
		10DC81061D66D94800B2108D /* BaseNavigationController.m in Sources */ = {isa = PBXBuildFile; fileRef = 10DC81051D66D94800B2108D /* BaseNavigationController.m */; };
		10DC810A1D66D9B300B2108D /* RecommendViewController.m in Sources */ = {isa = PBXBuildFile; fileRef = 10DC81091D66D9B300B2108D /* RecommendViewController.m */; };
		10DC810D1D66D9DC00B2108D /* DestinationViewController.m in Sources */ = {isa = PBXBuildFile; fileRef = 10DC810C1D66D9DC00B2108D /* DestinationViewController.m */; };
		10DC81101D66DA0400B2108D /* TravelMallViewController.m in Sources */ = {isa = PBXBuildFile; fileRef = 10DC810F1D66DA0400B2108D /* TravelMallViewController.m */; };
		10DC81131D66DA2100B2108D /* CommunityViewController.m in Sources */ = {isa = PBXBuildFile; fileRef = 10DC81121D66DA2100B2108D /* CommunityViewController.m */; };
		10DC81161D66DA3100B2108D /* MineViewController.m in Sources */ = {isa = PBXBuildFile; fileRef = 10DC81151D66DA3100B2108D /* MineViewController.m */; };
		740C416C9C223F0CE040A2B3 /* libPods-穷游.a in Frameworks */ = {isa = PBXBuildFile; fileRef = 359ECFB81BE24FDD3C16868D /* libPods-穷游.a */; };
/* End PBXBuildFile section */

/* Begin PBXContainerItemProxy section */
		105FC8D31D65B6D9002AB976 /* PBXContainerItemProxy */ = {
			isa = PBXContainerItemProxy;
			containerPortal = 105FC8B11D65B6D9002AB976 /* Project object */;
			proxyType = 1;
			remoteGlobalIDString = 105FC8B81D65B6D9002AB976;
			remoteInfo = "穷游";
		};
		105FC8DE1D65B6D9002AB976 /* PBXContainerItemProxy */ = {
			isa = PBXContainerItemProxy;
			containerPortal = 105FC8B11D65B6D9002AB976 /* Project object */;
			proxyType = 1;
			remoteGlobalIDString = 105FC8B81D65B6D9002AB976;
			remoteInfo = "穷游";
		};
/* End PBXContainerItemProxy section */

/* Begin PBXFileReference section */
		103B95F81D6D7FD900971170 /* RecommendTableViewCell.h */ = {isa = PBXFileReference; fileEncoding = 4; lastKnownFileType = sourcecode.c.h; path = RecommendTableViewCell.h; sourceTree = "<group>"; };
		103B95F91D6D7FD900971170 /* RecommendTableViewCell.m */ = {isa = PBXFileReference; fileEncoding = 4; lastKnownFileType = sourcecode.c.objc; path = RecommendTableViewCell.m; sourceTree = "<group>"; };
		103B95FF1D6D948200971170 /* HTTPRequestManager.h */ = {isa = PBXFileReference; fileEncoding = 4; lastKnownFileType = sourcecode.c.h; path = HTTPRequestManager.h; sourceTree = "<group>"; };
		103B96001D6D948200971170 /* HTTPRequestManager.m */ = {isa = PBXFileReference; fileEncoding = 4; lastKnownFileType = sourcecode.c.objc; path = HTTPRequestManager.m; sourceTree = "<group>"; };
		103B96021D6D9F1200971170 /* NetworkInterface.h */ = {isa = PBXFileReference; lastKnownFileType = sourcecode.c.h; path = NetworkInterface.h; sourceTree = "<group>"; };
		103B96041D6DB59100971170 /* RecommendModel.h */ = {isa = PBXFileReference; fileEncoding = 4; lastKnownFileType = sourcecode.c.h; path = RecommendModel.h; sourceTree = "<group>"; };
		103B96051D6DB59100971170 /* RecommendModel.m */ = {isa = PBXFileReference; fileEncoding = 4; lastKnownFileType = sourcecode.c.objc; path = RecommendModel.m; sourceTree = "<group>"; };
		1056A2471D6AF8880070486F /* LoginViewController.h */ = {isa = PBXFileReference; fileEncoding = 4; lastKnownFileType = sourcecode.c.h; path = LoginViewController.h; sourceTree = "<group>"; };
		1056A2481D6AF8880070486F /* LoginViewController.m */ = {isa = PBXFileReference; fileEncoding = 4; lastKnownFileType = sourcecode.c.objc; path = LoginViewController.m; sourceTree = "<group>"; };
		1056A24A1D6AF8940070486F /* RegisterViewController.h */ = {isa = PBXFileReference; fileEncoding = 4; lastKnownFileType = sourcecode.c.h; path = RegisterViewController.h; sourceTree = "<group>"; };
		1056A24B1D6AF8940070486F /* RegisterViewController.m */ = {isa = PBXFileReference; fileEncoding = 4; lastKnownFileType = sourcecode.c.objc; path = RegisterViewController.m; sourceTree = "<group>"; };
		105FC8B91D65B6D9002AB976 /* 穷游.app */ = {isa = PBXFileReference; explicitFileType = wrapper.application; includeInIndex = 0; path = "穷游.app"; sourceTree = BUILT_PRODUCTS_DIR; };
		105FC8BD1D65B6D9002AB976 /* main.m */ = {isa = PBXFileReference; lastKnownFileType = sourcecode.c.objc; path = main.m; sourceTree = "<group>"; };
		105FC8BF1D65B6D9002AB976 /* AppDelegate.h */ = {isa = PBXFileReference; lastKnownFileType = sourcecode.c.h; path = AppDelegate.h; sourceTree = "<group>"; };
		105FC8C01D65B6D9002AB976 /* AppDelegate.m */ = {isa = PBXFileReference; lastKnownFileType = sourcecode.c.objc; path = AppDelegate.m; sourceTree = "<group>"; };
		105FC8C61D65B6D9002AB976 /* Base */ = {isa = PBXFileReference; lastKnownFileType = file.storyboard; name = Base; path = Base.lproj/Main.storyboard; sourceTree = "<group>"; };
		105FC8C81D65B6D9002AB976 /* Assets.xcassets */ = {isa = PBXFileReference; lastKnownFileType = folder.assetcatalog; path = Assets.xcassets; sourceTree = "<group>"; };
		105FC8CB1D65B6D9002AB976 /* Base */ = {isa = PBXFileReference; lastKnownFileType = file.storyboard; name = Base; path = Base.lproj/LaunchScreen.storyboard; sourceTree = "<group>"; };
		105FC8CD1D65B6D9002AB976 /* Info.plist */ = {isa = PBXFileReference; lastKnownFileType = text.plist.xml; path = Info.plist; sourceTree = "<group>"; };
		105FC8D21D65B6D9002AB976 /* 穷游Tests.xctest */ = {isa = PBXFileReference; explicitFileType = wrapper.cfbundle; includeInIndex = 0; path = "穷游Tests.xctest"; sourceTree = BUILT_PRODUCTS_DIR; };
		105FC8D61D65B6D9002AB976 /* __Tests.m */ = {isa = PBXFileReference; lastKnownFileType = sourcecode.c.objc; path = __Tests.m; sourceTree = "<group>"; };
		105FC8D81D65B6D9002AB976 /* Info.plist */ = {isa = PBXFileReference; lastKnownFileType = text.plist.xml; path = Info.plist; sourceTree = "<group>"; };
		105FC8DD1D65B6D9002AB976 /* 穷游UITests.xctest */ = {isa = PBXFileReference; explicitFileType = wrapper.cfbundle; includeInIndex = 0; path = "穷游UITests.xctest"; sourceTree = BUILT_PRODUCTS_DIR; };
		105FC8E11D65B6D9002AB976 /* __UITests.m */ = {isa = PBXFileReference; lastKnownFileType = sourcecode.c.objc; path = __UITests.m; sourceTree = "<group>"; };
		105FC8E31D65B6D9002AB976 /* Info.plist */ = {isa = PBXFileReference; lastKnownFileType = text.plist.xml; path = Info.plist; sourceTree = "<group>"; };
		10900C771D6EC5E40077A594 /* AdBannerView.h */ = {isa = PBXFileReference; fileEncoding = 4; lastKnownFileType = sourcecode.c.h; path = AdBannerView.h; sourceTree = "<group>"; };
		10900C781D6EC5E40077A594 /* AdBannerView.m */ = {isa = PBXFileReference; fileEncoding = 4; lastKnownFileType = sourcecode.c.objc; path = AdBannerView.m; sourceTree = "<group>"; };
		10900C7B1D6ECBF60077A594 /* AdDetailViewController.h */ = {isa = PBXFileReference; fileEncoding = 4; lastKnownFileType = sourcecode.c.h; path = AdDetailViewController.h; sourceTree = "<group>"; };
		10900C7C1D6ECBF60077A594 /* AdDetailViewController.m */ = {isa = PBXFileReference; fileEncoding = 4; lastKnownFileType = sourcecode.c.objc; path = AdDetailViewController.m; sourceTree = "<group>"; };
		10900C7F1D6EE2F00077A594 /* RGBColor.h */ = {isa = PBXFileReference; fileEncoding = 4; lastKnownFileType = sourcecode.c.h; path = RGBColor.h; sourceTree = "<group>"; };
		10900C801D6EE2F00077A594 /* RGBColor.m */ = {isa = PBXFileReference; fileEncoding = 4; lastKnownFileType = sourcecode.c.objc; path = RGBColor.m; sourceTree = "<group>"; };
		10DC80FE1D66D8FC00B2108D /* BaseViewController.h */ = {isa = PBXFileReference; fileEncoding = 4; lastKnownFileType = sourcecode.c.h; path = BaseViewController.h; sourceTree = "<group>"; };
		10DC80FF1D66D8FC00B2108D /* BaseViewController.m */ = {isa = PBXFileReference; fileEncoding = 4; lastKnownFileType = sourcecode.c.objc; path = BaseViewController.m; sourceTree = "<group>"; };
		10DC81011D66D92900B2108D /* RootTabBarViewController.h */ = {isa = PBXFileReference; fileEncoding = 4; lastKnownFileType = sourcecode.c.h; path = RootTabBarViewController.h; sourceTree = "<group>"; };
		10DC81021D66D92900B2108D /* RootTabBarViewController.m */ = {isa = PBXFileReference; fileEncoding = 4; lastKnownFileType = sourcecode.c.objc; path = RootTabBarViewController.m; sourceTree = "<group>"; };
		10DC81041D66D94800B2108D /* BaseNavigationController.h */ = {isa = PBXFileReference; fileEncoding = 4; lastKnownFileType = sourcecode.c.h; path = BaseNavigationController.h; sourceTree = "<group>"; };
		10DC81051D66D94800B2108D /* BaseNavigationController.m */ = {isa = PBXFileReference; fileEncoding = 4; lastKnownFileType = sourcecode.c.objc; path = BaseNavigationController.m; sourceTree = "<group>"; };
		10DC81081D66D9B300B2108D /* RecommendViewController.h */ = {isa = PBXFileReference; fileEncoding = 4; lastKnownFileType = sourcecode.c.h; path = RecommendViewController.h; sourceTree = "<group>"; };
		10DC81091D66D9B300B2108D /* RecommendViewController.m */ = {isa = PBXFileReference; fileEncoding = 4; lastKnownFileType = sourcecode.c.objc; path = RecommendViewController.m; sourceTree = "<group>"; };
		10DC810B1D66D9DC00B2108D /* DestinationViewController.h */ = {isa = PBXFileReference; fileEncoding = 4; lastKnownFileType = sourcecode.c.h; path = DestinationViewController.h; sourceTree = "<group>"; };
		10DC810C1D66D9DC00B2108D /* DestinationViewController.m */ = {isa = PBXFileReference; fileEncoding = 4; lastKnownFileType = sourcecode.c.objc; path = DestinationViewController.m; sourceTree = "<group>"; };
		10DC810E1D66DA0400B2108D /* TravelMallViewController.h */ = {isa = PBXFileReference; fileEncoding = 4; lastKnownFileType = sourcecode.c.h; path = TravelMallViewController.h; sourceTree = "<group>"; };
		10DC810F1D66DA0400B2108D /* TravelMallViewController.m */ = {isa = PBXFileReference; fileEncoding = 4; lastKnownFileType = sourcecode.c.objc; path = TravelMallViewController.m; sourceTree = "<group>"; };
		10DC81111D66DA2100B2108D /* CommunityViewController.h */ = {isa = PBXFileReference; fileEncoding = 4; lastKnownFileType = sourcecode.c.h; path = CommunityViewController.h; sourceTree = "<group>"; };
		10DC81121D66DA2100B2108D /* CommunityViewController.m */ = {isa = PBXFileReference; fileEncoding = 4; lastKnownFileType = sourcecode.c.objc; path = CommunityViewController.m; sourceTree = "<group>"; };
		10DC81141D66DA3100B2108D /* MineViewController.h */ = {isa = PBXFileReference; fileEncoding = 4; lastKnownFileType = sourcecode.c.h; path = MineViewController.h; sourceTree = "<group>"; };
		10DC81151D66DA3100B2108D /* MineViewController.m */ = {isa = PBXFileReference; fileEncoding = 4; lastKnownFileType = sourcecode.c.objc; path = MineViewController.m; sourceTree = "<group>"; };
		10DC81171D66FD7A00B2108D /* ClassLibraries.pch */ = {isa = PBXFileReference; lastKnownFileType = sourcecode.c.h; path = ClassLibraries.pch; sourceTree = "<group>"; };
		1E4564E15CF775A68F211AF3 /* Pods-穷游.release.xcconfig */ = {isa = PBXFileReference; includeInIndex = 1; lastKnownFileType = text.xcconfig; name = "Pods-穷游.release.xcconfig"; path = "Pods/Target Support Files/Pods-穷游/Pods-穷游.release.xcconfig"; sourceTree = "<group>"; };
		359ECFB81BE24FDD3C16868D /* libPods-穷游.a */ = {isa = PBXFileReference; explicitFileType = archive.ar; includeInIndex = 0; path = "libPods-穷游.a"; sourceTree = BUILT_PRODUCTS_DIR; };
		361A7A128A68C965DD4A4B95 /* Pods-穷游.debug.xcconfig */ = {isa = PBXFileReference; includeInIndex = 1; lastKnownFileType = text.xcconfig; name = "Pods-穷游.debug.xcconfig"; path = "Pods/Target Support Files/Pods-穷游/Pods-穷游.debug.xcconfig"; sourceTree = "<group>"; };
/* End PBXFileReference section */

/* Begin PBXFrameworksBuildPhase section */
		105FC8B61D65B6D9002AB976 /* Frameworks */ = {
			isa = PBXFrameworksBuildPhase;
			buildActionMask = 2147483647;
			files = (
				740C416C9C223F0CE040A2B3 /* libPods-穷游.a in Frameworks */,
			);
			runOnlyForDeploymentPostprocessing = 0;
		};
		105FC8CF1D65B6D9002AB976 /* Frameworks */ = {
			isa = PBXFrameworksBuildPhase;
			buildActionMask = 2147483647;
			files = (
			);
			runOnlyForDeploymentPostprocessing = 0;
		};
		105FC8DA1D65B6D9002AB976 /* Frameworks */ = {
			isa = PBXFrameworksBuildPhase;
			buildActionMask = 2147483647;
			files = (
			);
			runOnlyForDeploymentPostprocessing = 0;
		};
/* End PBXFrameworksBuildPhase section */

/* Begin PBXGroup section */
		05C8C822A381E0C5A8DF0447 /* Frameworks */ = {
			isa = PBXGroup;
			children = (
				359ECFB81BE24FDD3C16868D /* libPods-穷游.a */,
			);
			name = Frameworks;
			sourceTree = "<group>";
		};
		103B95F61D6D7EE000971170 /* RecommendViewController */ = {
			isa = PBXGroup;
			children = (
				10900C7A1D6EC95E0077A594 /* ViewController */,
				10900C761D6EC5D40077A594 /* View */,
				103B96031D6DB55700971170 /* Model */,
				103B95F71D6D7FB100971170 /* Cell */,
			);
			name = RecommendViewController;
			sourceTree = "<group>";
		};
		103B95F71D6D7FB100971170 /* Cell */ = {
			isa = PBXGroup;
			children = (
				103B95F81D6D7FD900971170 /* RecommendTableViewCell.h */,
				103B95F91D6D7FD900971170 /* RecommendTableViewCell.m */,
			);
			name = Cell;
			sourceTree = "<group>";
		};
		103B95FB1D6D934800971170 /* Manager */ = {
			isa = PBXGroup;
			children = (
				103B95FF1D6D948200971170 /* HTTPRequestManager.h */,
				103B96001D6D948200971170 /* HTTPRequestManager.m */,
			);
			name = Manager;
			sourceTree = "<group>";
		};
		103B96031D6DB55700971170 /* Model */ = {
			isa = PBXGroup;
			children = (
				103B96041D6DB59100971170 /* RecommendModel.h */,
				103B96051D6DB59100971170 /* RecommendModel.m */,
			);
			name = Model;
			sourceTree = "<group>";
		};
		1056A2461D6AF85F0070486F /* LoginAndRegisterViewController */ = {
			isa = PBXGroup;
			children = (
				1056A2471D6AF8880070486F /* LoginViewController.h */,
				1056A2481D6AF8880070486F /* LoginViewController.m */,
				1056A24A1D6AF8940070486F /* RegisterViewController.h */,
				1056A24B1D6AF8940070486F /* RegisterViewController.m */,
			);
			name = LoginAndRegisterViewController;
			sourceTree = "<group>";
		};
		105FC8B01D65B6D9002AB976 = {
			isa = PBXGroup;
			children = (
				105FC8BB1D65B6D9002AB976 /* 穷游 */,
				105FC8D51D65B6D9002AB976 /* 穷游Tests */,
				105FC8E01D65B6D9002AB976 /* 穷游UITests */,
				105FC8BA1D65B6D9002AB976 /* Products */,
				55A5D8526B5909ED0C3E1DAB /* Pods */,
				05C8C822A381E0C5A8DF0447 /* Frameworks */,
			);
			sourceTree = "<group>";
		};
		105FC8BA1D65B6D9002AB976 /* Products */ = {
			isa = PBXGroup;
			children = (
				105FC8B91D65B6D9002AB976 /* 穷游.app */,
				105FC8D21D65B6D9002AB976 /* 穷游Tests.xctest */,
				105FC8DD1D65B6D9002AB976 /* 穷游UITests.xctest */,
			);
			name = Products;
			sourceTree = "<group>";
		};
		105FC8BB1D65B6D9002AB976 /* 穷游 */ = {
			isa = PBXGroup;
			children = (
				105FC8BF1D65B6D9002AB976 /* AppDelegate.h */,
				105FC8C01D65B6D9002AB976 /* AppDelegate.m */,
				10900C7E1D6EE2D40077A594 /* Frameworks */,
				103B95FB1D6D934800971170 /* Manager */,
				103B95F61D6D7EE000971170 /* RecommendViewController */,
				1056A2461D6AF85F0070486F /* LoginAndRegisterViewController */,
				10DC81071D66D97400B2108D /* ViewControllers */,
				10DC80FD1D66D88B00B2108D /* BaseNavigationController */,
				10DC80FC1D66D88100B2108D /* BaseViewController */,
				10DC80FB1D66D87100B2108D /* TabBarController */,
				105FC8C51D65B6D9002AB976 /* Main.storyboard */,
				105FC8C81D65B6D9002AB976 /* Assets.xcassets */,
				105FC8CA1D65B6D9002AB976 /* LaunchScreen.storyboard */,
				105FC8CD1D65B6D9002AB976 /* Info.plist */,
				105FC8BC1D65B6D9002AB976 /* Supporting Files */,
			);
			path = "穷游";
			sourceTree = "<group>";
		};
		105FC8BC1D65B6D9002AB976 /* Supporting Files */ = {
			isa = PBXGroup;
			children = (
				105FC8BD1D65B6D9002AB976 /* main.m */,
				103B96021D6D9F1200971170 /* NetworkInterface.h */,
				10DC81171D66FD7A00B2108D /* ClassLibraries.pch */,
			);
			name = "Supporting Files";
			sourceTree = "<group>";
		};
		105FC8D51D65B6D9002AB976 /* 穷游Tests */ = {
			isa = PBXGroup;
			children = (
				105FC8D61D65B6D9002AB976 /* __Tests.m */,
				105FC8D81D65B6D9002AB976 /* Info.plist */,
			);
			path = "穷游Tests";
			sourceTree = "<group>";
		};
		105FC8E01D65B6D9002AB976 /* 穷游UITests */ = {
			isa = PBXGroup;
			children = (
				105FC8E11D65B6D9002AB976 /* __UITests.m */,
				105FC8E31D65B6D9002AB976 /* Info.plist */,
			);
			path = "穷游UITests";
			sourceTree = "<group>";
		};
		10900C761D6EC5D40077A594 /* View */ = {
			isa = PBXGroup;
			children = (
				10900C771D6EC5E40077A594 /* AdBannerView.h */,
				10900C781D6EC5E40077A594 /* AdBannerView.m */,
			);
			name = View;
			sourceTree = "<group>";
		};
		10900C7A1D6EC95E0077A594 /* ViewController */ = {
			isa = PBXGroup;
			children = (
				10900C7B1D6ECBF60077A594 /* AdDetailViewController.h */,
				10900C7C1D6ECBF60077A594 /* AdDetailViewController.m */,
			);
			name = ViewController;
			sourceTree = "<group>";
		};
		10900C7E1D6EE2D40077A594 /* Frameworks */ = {
			isa = PBXGroup;
			children = (
				10900C7F1D6EE2F00077A594 /* RGBColor.h */,
				10900C801D6EE2F00077A594 /* RGBColor.m */,
			);
			name = Frameworks;
			sourceTree = "<group>";
		};
		10DC80FB1D66D87100B2108D /* TabBarController */ = {
			isa = PBXGroup;
			children = (
				10DC81011D66D92900B2108D /* RootTabBarViewController.h */,
				10DC81021D66D92900B2108D /* RootTabBarViewController.m */,
			);
			name = TabBarController;
			sourceTree = "<group>";
		};
		10DC80FC1D66D88100B2108D /* BaseViewController */ = {
			isa = PBXGroup;
			children = (
				10DC80FE1D66D8FC00B2108D /* BaseViewController.h */,
				10DC80FF1D66D8FC00B2108D /* BaseViewController.m */,
			);
			name = BaseViewController;
			sourceTree = "<group>";
		};
		10DC80FD1D66D88B00B2108D /* BaseNavigationController */ = {
			isa = PBXGroup;
			children = (
				10DC81041D66D94800B2108D /* BaseNavigationController.h */,
				10DC81051D66D94800B2108D /* BaseNavigationController.m */,
			);
			name = BaseNavigationController;
			sourceTree = "<group>";
		};
		10DC81071D66D97400B2108D /* ViewControllers */ = {
			isa = PBXGroup;
			children = (
				10DC81081D66D9B300B2108D /* RecommendViewController.h */,
				10DC81091D66D9B300B2108D /* RecommendViewController.m */,
				10DC810B1D66D9DC00B2108D /* DestinationViewController.h */,
				10DC810C1D66D9DC00B2108D /* DestinationViewController.m */,
				10DC810E1D66DA0400B2108D /* TravelMallViewController.h */,
				10DC810F1D66DA0400B2108D /* TravelMallViewController.m */,
				10DC81111D66DA2100B2108D /* CommunityViewController.h */,
				10DC81121D66DA2100B2108D /* CommunityViewController.m */,
				10DC81141D66DA3100B2108D /* MineViewController.h */,
				10DC81151D66DA3100B2108D /* MineViewController.m */,
			);
			name = ViewControllers;
			sourceTree = "<group>";
		};
		55A5D8526B5909ED0C3E1DAB /* Pods */ = {
			isa = PBXGroup;
			children = (
				361A7A128A68C965DD4A4B95 /* Pods-穷游.debug.xcconfig */,
				1E4564E15CF775A68F211AF3 /* Pods-穷游.release.xcconfig */,
			);
			name = Pods;
			sourceTree = "<group>";
		};
/* End PBXGroup section */

/* Begin PBXNativeTarget section */
		105FC8B81D65B6D9002AB976 /* 穷游 */ = {
			isa = PBXNativeTarget;
			buildConfigurationList = 105FC8E61D65B6D9002AB976 /* Build configuration list for PBXNativeTarget "穷游" */;
			buildPhases = (
				93A47ABA40649273AF331F44 /* [CP] Check Pods Manifest.lock */,
				105FC8B51D65B6D9002AB976 /* Sources */,
				105FC8B61D65B6D9002AB976 /* Frameworks */,
				105FC8B71D65B6D9002AB976 /* Resources */,
				236DEE1B237CEDD3066CB940 /* [CP] Embed Pods Frameworks */,
				86C0CCBF104298612035F428 /* [CP] Copy Pods Resources */,
			);
			buildRules = (
			);
			dependencies = (
			);
			name = "穷游";
			productName = "穷游";
			productReference = 105FC8B91D65B6D9002AB976 /* 穷游.app */;
			productType = "com.apple.product-type.application";
		};
		105FC8D11D65B6D9002AB976 /* 穷游Tests */ = {
			isa = PBXNativeTarget;
			buildConfigurationList = 105FC8E91D65B6D9002AB976 /* Build configuration list for PBXNativeTarget "穷游Tests" */;
			buildPhases = (
				105FC8CE1D65B6D9002AB976 /* Sources */,
				105FC8CF1D65B6D9002AB976 /* Frameworks */,
				105FC8D01D65B6D9002AB976 /* Resources */,
			);
			buildRules = (
			);
			dependencies = (
				105FC8D41D65B6D9002AB976 /* PBXTargetDependency */,
			);
			name = "穷游Tests";
			productName = "穷游Tests";
			productReference = 105FC8D21D65B6D9002AB976 /* 穷游Tests.xctest */;
			productType = "com.apple.product-type.bundle.unit-test";
		};
		105FC8DC1D65B6D9002AB976 /* 穷游UITests */ = {
			isa = PBXNativeTarget;
			buildConfigurationList = 105FC8EC1D65B6D9002AB976 /* Build configuration list for PBXNativeTarget "穷游UITests" */;
			buildPhases = (
				105FC8D91D65B6D9002AB976 /* Sources */,
				105FC8DA1D65B6D9002AB976 /* Frameworks */,
				105FC8DB1D65B6D9002AB976 /* Resources */,
			);
			buildRules = (
			);
			dependencies = (
				105FC8DF1D65B6D9002AB976 /* PBXTargetDependency */,
			);
			name = "穷游UITests";
			productName = "穷游UITests";
			productReference = 105FC8DD1D65B6D9002AB976 /* 穷游UITests.xctest */;
			productType = "com.apple.product-type.bundle.ui-testing";
		};
/* End PBXNativeTarget section */

/* Begin PBXProject section */
		105FC8B11D65B6D9002AB976 /* Project object */ = {
			isa = PBXProject;
			attributes = {
				LastUpgradeCheck = 0730;
				ORGANIZATIONNAME = "罗秋生";
				TargetAttributes = {
					105FC8B81D65B6D9002AB976 = {
						CreatedOnToolsVersion = 7.3.1;
						DevelopmentTeam = VPFNK6F84G;
					};
					105FC8D11D65B6D9002AB976 = {
						CreatedOnToolsVersion = 7.3.1;
						DevelopmentTeam = VPFNK6F84G;
						TestTargetID = 105FC8B81D65B6D9002AB976;
					};
					105FC8DC1D65B6D9002AB976 = {
						CreatedOnToolsVersion = 7.3.1;
						DevelopmentTeam = VPFNK6F84G;
						TestTargetID = 105FC8B81D65B6D9002AB976;
					};
				};
			};
			buildConfigurationList = 105FC8B41D65B6D9002AB976 /* Build configuration list for PBXProject "穷游" */;
			compatibilityVersion = "Xcode 3.2";
			developmentRegion = English;
			hasScannedForEncodings = 0;
			knownRegions = (
				en,
				Base,
			);
			mainGroup = 105FC8B01D65B6D9002AB976;
			productRefGroup = 105FC8BA1D65B6D9002AB976 /* Products */;
			projectDirPath = "";
			projectRoot = "";
			targets = (
				105FC8B81D65B6D9002AB976 /* 穷游 */,
				105FC8D11D65B6D9002AB976 /* 穷游Tests */,
				105FC8DC1D65B6D9002AB976 /* 穷游UITests */,
			);
		};
/* End PBXProject section */

/* Begin PBXResourcesBuildPhase section */
		105FC8B71D65B6D9002AB976 /* Resources */ = {
			isa = PBXResourcesBuildPhase;
			buildActionMask = 2147483647;
			files = (
				105FC8CC1D65B6D9002AB976 /* LaunchScreen.storyboard in Resources */,
				105FC8C91D65B6D9002AB976 /* Assets.xcassets in Resources */,
				105FC8C71D65B6D9002AB976 /* Main.storyboard in Resources */,
			);
			runOnlyForDeploymentPostprocessing = 0;
		};
		105FC8D01D65B6D9002AB976 /* Resources */ = {
			isa = PBXResourcesBuildPhase;
			buildActionMask = 2147483647;
			files = (
			);
			runOnlyForDeploymentPostprocessing = 0;
		};
		105FC8DB1D65B6D9002AB976 /* Resources */ = {
			isa = PBXResourcesBuildPhase;
			buildActionMask = 2147483647;
			files = (
			);
			runOnlyForDeploymentPostprocessing = 0;
		};
/* End PBXResourcesBuildPhase section */

/* Begin PBXShellScriptBuildPhase section */
		236DEE1B237CEDD3066CB940 /* [CP] Embed Pods Frameworks */ = {
			isa = PBXShellScriptBuildPhase;
			buildActionMask = 2147483647;
			files = (
			);
			inputPaths = (
			);
			name = "[CP] Embed Pods Frameworks";
			outputPaths = (
			);
			runOnlyForDeploymentPostprocessing = 0;
			shellPath = /bin/sh;
			shellScript = "\"${SRCROOT}/Pods/Target Support Files/Pods-穷游/Pods-穷游-frameworks.sh\"\n";
			showEnvVarsInLog = 0;
		};
		86C0CCBF104298612035F428 /* [CP] Copy Pods Resources */ = {
			isa = PBXShellScriptBuildPhase;
			buildActionMask = 2147483647;
			files = (
			);
			inputPaths = (
			);
			name = "[CP] Copy Pods Resources";
			outputPaths = (
			);
			runOnlyForDeploymentPostprocessing = 0;
			shellPath = /bin/sh;
			shellScript = "\"${SRCROOT}/Pods/Target Support Files/Pods-穷游/Pods-穷游-resources.sh\"\n";
			showEnvVarsInLog = 0;
		};
		93A47ABA40649273AF331F44 /* [CP] Check Pods Manifest.lock */ = {
			isa = PBXShellScriptBuildPhase;
			buildActionMask = 2147483647;
			files = (
			);
			inputPaths = (
			);
			name = "[CP] Check Pods Manifest.lock";
			outputPaths = (
			);
			runOnlyForDeploymentPostprocessing = 0;
			shellPath = /bin/sh;
			shellScript = "diff \"${PODS_ROOT}/../Podfile.lock\" \"${PODS_ROOT}/Manifest.lock\" > /dev/null\nif [[ $? != 0 ]] ; then\n    cat << EOM\nerror: The sandbox is not in sync with the Podfile.lock. Run 'pod install' or update your CocoaPods installation.\nEOM\n    exit 1\nfi\n";
			showEnvVarsInLog = 0;
		};
/* End PBXShellScriptBuildPhase section */

/* Begin PBXSourcesBuildPhase section */
		105FC8B51D65B6D9002AB976 /* Sources */ = {
			isa = PBXSourcesBuildPhase;
			buildActionMask = 2147483647;
			files = (
				10DC81031D66D92900B2108D /* RootTabBarViewController.m in Sources */,
				10DC81131D66DA2100B2108D /* CommunityViewController.m in Sources */,
				103B96061D6DB59100971170 /* RecommendModel.m in Sources */,
				10900C7D1D6ECBF60077A594 /* AdDetailViewController.m in Sources */,
				10DC810A1D66D9B300B2108D /* RecommendViewController.m in Sources */,
				10DC81061D66D94800B2108D /* BaseNavigationController.m in Sources */,
				10DC81161D66DA3100B2108D /* MineViewController.m in Sources */,
				103B95FA1D6D7FD900971170 /* RecommendTableViewCell.m in Sources */,
				10DC81001D66D8FC00B2108D /* BaseViewController.m in Sources */,
				105FC8C11D65B6D9002AB976 /* AppDelegate.m in Sources */,
				1056A24C1D6AF8940070486F /* RegisterViewController.m in Sources */,
				10900C811D6EE2F00077A594 /* RGBColor.m in Sources */,
				10DC81101D66DA0400B2108D /* TravelMallViewController.m in Sources */,
				105FC8BE1D65B6D9002AB976 /* main.m in Sources */,
				103B96011D6D948200971170 /* HTTPRequestManager.m in Sources */,
				1056A2491D6AF8880070486F /* LoginViewController.m in Sources */,
				10DC810D1D66D9DC00B2108D /* DestinationViewController.m in Sources */,
				10900C791D6EC5E40077A594 /* AdBannerView.m in Sources */,
			);
			runOnlyForDeploymentPostprocessing = 0;
		};
		105FC8CE1D65B6D9002AB976 /* Sources */ = {
			isa = PBXSourcesBuildPhase;
			buildActionMask = 2147483647;
			files = (
				105FC8D71D65B6D9002AB976 /* __Tests.m in Sources */,
			);
			runOnlyForDeploymentPostprocessing = 0;
		};
		105FC8D91D65B6D9002AB976 /* Sources */ = {
			isa = PBXSourcesBuildPhase;
			buildActionMask = 2147483647;
			files = (
				105FC8E21D65B6D9002AB976 /* __UITests.m in Sources */,
			);
			runOnlyForDeploymentPostprocessing = 0;
		};
/* End PBXSourcesBuildPhase section */

/* Begin PBXTargetDependency section */
		105FC8D41D65B6D9002AB976 /* PBXTargetDependency */ = {
			isa = PBXTargetDependency;
			target = 105FC8B81D65B6D9002AB976 /* 穷游 */;
			targetProxy = 105FC8D31D65B6D9002AB976 /* PBXContainerItemProxy */;
		};
		105FC8DF1D65B6D9002AB976 /* PBXTargetDependency */ = {
			isa = PBXTargetDependency;
			target = 105FC8B81D65B6D9002AB976 /* 穷游 */;
			targetProxy = 105FC8DE1D65B6D9002AB976 /* PBXContainerItemProxy */;
		};
/* End PBXTargetDependency section */

/* Begin PBXVariantGroup section */
		105FC8C51D65B6D9002AB976 /* Main.storyboard */ = {
			isa = PBXVariantGroup;
			children = (
				105FC8C61D65B6D9002AB976 /* Base */,
			);
			name = Main.storyboard;
			sourceTree = "<group>";
		};
		105FC8CA1D65B6D9002AB976 /* LaunchScreen.storyboard */ = {
			isa = PBXVariantGroup;
			children = (
				105FC8CB1D65B6D9002AB976 /* Base */,
			);
			name = LaunchScreen.storyboard;
			sourceTree = "<group>";
		};
/* End PBXVariantGroup section */

/* Begin XCBuildConfiguration section */
		105FC8E41D65B6D9002AB976 /* Debug */ = {
			isa = XCBuildConfiguration;
			buildSettings = {
				ALWAYS_SEARCH_USER_PATHS = NO;
				CLANG_ANALYZER_NONNULL = YES;
				CLANG_CXX_LANGUAGE_STANDARD = "gnu++0x";
				CLANG_CXX_LIBRARY = "libc++";
				CLANG_ENABLE_MODULES = YES;
				CLANG_ENABLE_OBJC_ARC = YES;
				CLANG_WARN_BOOL_CONVERSION = YES;
				CLANG_WARN_CONSTANT_CONVERSION = YES;
				CLANG_WARN_DIRECT_OBJC_ISA_USAGE = YES_ERROR;
				CLANG_WARN_EMPTY_BODY = YES;
				CLANG_WARN_ENUM_CONVERSION = YES;
				CLANG_WARN_INT_CONVERSION = YES;
				CLANG_WARN_OBJC_ROOT_CLASS = YES_ERROR;
				CLANG_WARN_UNREACHABLE_CODE = YES;
				CLANG_WARN__DUPLICATE_METHOD_MATCH = YES;
				"CODE_SIGN_IDENTITY[sdk=iphoneos*]" = "iPhone Developer";
				COPY_PHASE_STRIP = NO;
				DEBUG_INFORMATION_FORMAT = dwarf;
				ENABLE_STRICT_OBJC_MSGSEND = YES;
				ENABLE_TESTABILITY = YES;
				GCC_C_LANGUAGE_STANDARD = gnu99;
				GCC_DYNAMIC_NO_PIC = NO;
				GCC_NO_COMMON_BLOCKS = YES;
				GCC_OPTIMIZATION_LEVEL = 0;
				GCC_PREPROCESSOR_DEFINITIONS = (
					"DEBUG=1",
					"$(inherited)",
				);
				GCC_WARN_64_TO_32_BIT_CONVERSION = YES;
				GCC_WARN_ABOUT_RETURN_TYPE = YES_ERROR;
				GCC_WARN_UNDECLARED_SELECTOR = YES;
				GCC_WARN_UNINITIALIZED_AUTOS = YES_AGGRESSIVE;
				GCC_WARN_UNUSED_FUNCTION = YES;
				GCC_WARN_UNUSED_VARIABLE = YES;
				IPHONEOS_DEPLOYMENT_TARGET = 9.3;
				MTL_ENABLE_DEBUG_INFO = YES;
				ONLY_ACTIVE_ARCH = YES;
				SDKROOT = iphoneos;
				TARGETED_DEVICE_FAMILY = "1,2";
			};
			name = Debug;
		};
		105FC8E51D65B6D9002AB976 /* Release */ = {
			isa = XCBuildConfiguration;
			buildSettings = {
				ALWAYS_SEARCH_USER_PATHS = NO;
				CLANG_ANALYZER_NONNULL = YES;
				CLANG_CXX_LANGUAGE_STANDARD = "gnu++0x";
				CLANG_CXX_LIBRARY = "libc++";
				CLANG_ENABLE_MODULES = YES;
				CLANG_ENABLE_OBJC_ARC = YES;
				CLANG_WARN_BOOL_CONVERSION = YES;
				CLANG_WARN_CONSTANT_CONVERSION = YES;
				CLANG_WARN_DIRECT_OBJC_ISA_USAGE = YES_ERROR;
				CLANG_WARN_EMPTY_BODY = YES;
				CLANG_WARN_ENUM_CONVERSION = YES;
				CLANG_WARN_INT_CONVERSION = YES;
				CLANG_WARN_OBJC_ROOT_CLASS = YES_ERROR;
				CLANG_WARN_UNREACHABLE_CODE = YES;
				CLANG_WARN__DUPLICATE_METHOD_MATCH = YES;
				"CODE_SIGN_IDENTITY[sdk=iphoneos*]" = "iPhone Developer";
				COPY_PHASE_STRIP = NO;
				DEBUG_INFORMATION_FORMAT = "dwarf-with-dsym";
				ENABLE_NS_ASSERTIONS = NO;
				ENABLE_STRICT_OBJC_MSGSEND = YES;
				GCC_C_LANGUAGE_STANDARD = gnu99;
				GCC_NO_COMMON_BLOCKS = YES;
				GCC_WARN_64_TO_32_BIT_CONVERSION = YES;
				GCC_WARN_ABOUT_RETURN_TYPE = YES_ERROR;
				GCC_WARN_UNDECLARED_SELECTOR = YES;
				GCC_WARN_UNINITIALIZED_AUTOS = YES_AGGRESSIVE;
				GCC_WARN_UNUSED_FUNCTION = YES;
				GCC_WARN_UNUSED_VARIABLE = YES;
				IPHONEOS_DEPLOYMENT_TARGET = 9.3;
				MTL_ENABLE_DEBUG_INFO = NO;
				SDKROOT = iphoneos;
				TARGETED_DEVICE_FAMILY = "1,2";
				VALIDATE_PRODUCT = YES;
			};
			name = Release;
		};
		105FC8E71D65B6D9002AB976 /* Debug */ = {
			isa = XCBuildConfiguration;
			baseConfigurationReference = 361A7A128A68C965DD4A4B95 /* Pods-穷游.debug.xcconfig */;
			buildSettings = {
				ASSETCATALOG_COMPILER_APPICON_NAME = AppIcon;
				CODE_SIGN_IDENTITY = "iPhone Developer";
				GCC_PRECOMPILE_PREFIX_HEADER = YES;
				GCC_PREFIX_HEADER = "$(SRCROOT)/穷游/ClassLibraries.pch";
				INFOPLIST_FILE = "穷游/Info.plist";
				IPHONEOS_DEPLOYMENT_TARGET = 9.3;
				LD_RUNPATH_SEARCH_PATHS = "$(inherited) @executable_path/Frameworks";
				PRODUCT_BUNDLE_IDENTIFIER = "Estrongersoft-Co.--LTD.--";
				PRODUCT_NAME = "$(TARGET_NAME)";
			};
			name = Debug;
		};
		105FC8E81D65B6D9002AB976 /* Release */ = {
			isa = XCBuildConfiguration;
			baseConfigurationReference = 1E4564E15CF775A68F211AF3 /* Pods-穷游.release.xcconfig */;
			buildSettings = {
				ASSETCATALOG_COMPILER_APPICON_NAME = AppIcon;
				CODE_SIGN_IDENTITY = "iPhone Developer";
				GCC_PRECOMPILE_PREFIX_HEADER = YES;
				GCC_PREFIX_HEADER = "$(SRCROOT)/穷游/ClassLibraries.pch";
				INFOPLIST_FILE = "穷游/Info.plist";
				IPHONEOS_DEPLOYMENT_TARGET = 9.3;
				LD_RUNPATH_SEARCH_PATHS = "$(inherited) @executable_path/Frameworks";
				PRODUCT_BUNDLE_IDENTIFIER = "Estrongersoft-Co.--LTD.--";
				PRODUCT_NAME = "$(TARGET_NAME)";
			};
			name = Release;
		};
		105FC8EA1D65B6D9002AB976 /* Debug */ = {
			isa = XCBuildConfiguration;
			buildSettings = {
				BUNDLE_LOADER = "$(TEST_HOST)";
				INFOPLIST_FILE = "穷游Tests/Info.plist";
				LD_RUNPATH_SEARCH_PATHS = "$(inherited) @executable_path/Frameworks @loader_path/Frameworks";
				PRODUCT_BUNDLE_IDENTIFIER = "Estrongersoft-Co.--LTD.--Tests";
				PRODUCT_NAME = "$(TARGET_NAME)";
				TEST_HOST = "$(BUILT_PRODUCTS_DIR)/穷游.app/穷游";
			};
			name = Debug;
		};
		105FC8EB1D65B6D9002AB976 /* Release */ = {
			isa = XCBuildConfiguration;
			buildSettings = {
				BUNDLE_LOADER = "$(TEST_HOST)";
				INFOPLIST_FILE = "穷游Tests/Info.plist";
				LD_RUNPATH_SEARCH_PATHS = "$(inherited) @executable_path/Frameworks @loader_path/Frameworks";
				PRODUCT_BUNDLE_IDENTIFIER = "Estrongersoft-Co.--LTD.--Tests";
				PRODUCT_NAME = "$(TARGET_NAME)";
				TEST_HOST = "$(BUILT_PRODUCTS_DIR)/穷游.app/穷游";
			};
			name = Release;
		};
		105FC8ED1D65B6D9002AB976 /* Debug */ = {
			isa = XCBuildConfiguration;
			buildSettings = {
				INFOPLIST_FILE = "穷游UITests/Info.plist";
				LD_RUNPATH_SEARCH_PATHS = "$(inherited) @executable_path/Frameworks @loader_path/Frameworks";
				PRODUCT_BUNDLE_IDENTIFIER = "Estrongersoft-Co.--LTD.--UITests";
				PRODUCT_NAME = "$(TARGET_NAME)";
				TEST_TARGET_NAME = "穷游";
			};
			name = Debug;
		};
		105FC8EE1D65B6D9002AB976 /* Release */ = {
			isa = XCBuildConfiguration;
			buildSettings = {
				INFOPLIST_FILE = "穷游UITests/Info.plist";
				LD_RUNPATH_SEARCH_PATHS = "$(inherited) @executable_path/Frameworks @loader_path/Frameworks";
				PRODUCT_BUNDLE_IDENTIFIER = "Estrongersoft-Co.--LTD.--UITests";
				PRODUCT_NAME = "$(TARGET_NAME)";
				TEST_TARGET_NAME = "穷游";
			};
			name = Release;
		};
/* End XCBuildConfiguration section */

/* Begin XCConfigurationList section */
		105FC8B41D65B6D9002AB976 /* Build configuration list for PBXProject "穷游" */ = {
			isa = XCConfigurationList;
			buildConfigurations = (
				105FC8E41D65B6D9002AB976 /* Debug */,
				105FC8E51D65B6D9002AB976 /* Release */,
			);
			defaultConfigurationIsVisible = 0;
			defaultConfigurationName = Release;
		};
		105FC8E61D65B6D9002AB976 /* Build configuration list for PBXNativeTarget "穷游" */ = {
			isa = XCConfigurationList;
			buildConfigurations = (
				105FC8E71D65B6D9002AB976 /* Debug */,
				105FC8E81D65B6D9002AB976 /* Release */,
			);
			defaultConfigurationIsVisible = 0;
			defaultConfigurationName = Release;
		};
		105FC8E91D65B6D9002AB976 /* Build configuration list for PBXNativeTarget "穷游Tests" */ = {
			isa = XCConfigurationList;
			buildConfigurations = (
				105FC8EA1D65B6D9002AB976 /* Debug */,
				105FC8EB1D65B6D9002AB976 /* Release */,
			);
			defaultConfigurationIsVisible = 0;
			defaultConfigurationName = Release;
		};
		105FC8EC1D65B6D9002AB976 /* Build configuration list for PBXNativeTarget "穷游UITests" */ = {
			isa = XCConfigurationList;
			buildConfigurations = (
				105FC8ED1D65B6D9002AB976 /* Debug */,
				105FC8EE1D65B6D9002AB976 /* Release */,
			);
			defaultConfigurationIsVisible = 0;
			defaultConfigurationName = Release;
		};
/* End XCConfigurationList section */
	};
	rootObject = 105FC8B11D65B6D9002AB976 /* Project object */;
}
